
Microsoft Visual Studio Solution File, Format Version 12.00
# Visual Studio 14
VisualStudioVersion = 14.0.25420.1
MinimumVisualStudioVersion = 10.0.40219.1
Project("{2150E333-8FDC-42A3-9474-1A3956D46DE8}") = "Solution Items", "Solution Items", "{17C69E29-65AB-489E-BFD5-8BEDA3052836}"
	ProjectSection(SolutionItems) = preProject
		global.json = global.json
		LICENSE.txt = LICENSE.txt
		README.md = README.md
	EndProjectSection
EndProject
Project("{8BB2217D-0F2D-49D1-97BC-3654ED321F3B}") = "Mirror", "Mirror\Mirror.xproj", "{539B717D-05B7-4914-9147-8BDA5D8ECC2C}"
EndProject
Project("{8BB2217D-0F2D-49D1-97BC-3654ED321F3B}") = "Mirror.Tests", "Mirror.Tests\Mirror.Tests.xproj", "{3EB9E0F6-BA73-43BF-A68B-EF967BECFDB8}"
EndProject
Global
	GlobalSection(SolutionConfigurationPlatforms) = preSolution
		Debug|Any CPU = Debug|Any CPU
		Release|Any CPU = Release|Any CPU
	EndGlobalSection
	GlobalSection(ProjectConfigurationPlatforms) = postSolution
		{539B717D-05B7-4914-9147-8BDA5D8ECC2C}.Debug|Any CPU.ActiveCfg = Debug|Any CPU
		{539B717D-05B7-4914-9147-8BDA5D8ECC2C}.Debug|Any CPU.Build.0 = Debug|Any CPU
		{539B717D-05B7-4914-9147-8BDA5D8ECC2C}.Release|Any CPU.ActiveCfg = Release|Any CPU
		{539B717D-05B7-4914-9147-8BDA5D8ECC2C}.Release|Any CPU.Build.0 = Release|Any CPU
		{3EB9E0F6-BA73-43BF-A68B-EF967BECFDB8}.Debug|Any CPU.ActiveCfg = Debug|Any CPU
		{3EB9E0F6-BA73-43BF-A68B-EF967BECFDB8}.Debug|Any CPU.Build.0 = Debug|Any CPU
		{3EB9E0F6-BA73-43BF-A68B-EF967BECFDB8}.Release|Any CPU.ActiveCfg = Release|Any CPU
		{3EB9E0F6-BA73-43BF-A68B-EF967BECFDB8}.Release|Any CPU.Build.0 = Release|Any CPU
	EndGlobalSection
	GlobalSection(SolutionProperties) = preSolution
		HideSolutionNode = FALSE
	EndGlobalSection
EndGlobal
